
Microsoft Visual Studio Solution File, Format Version 12.00
# Visual Studio Version 16
VisualStudioVersion = 16.0.31205.134
MinimumVisualStudioVersion = 10.0.40219.1
Project("{FAE04EC0-301F-11D3-BF4B-00C04F79EFBC}") = "TCP_Client", "TCP_Client\TCP_Client.csproj", "{83F7D1E8-447D-4556-8DCC-1CE7834E46B3}"
EndProject
Project("{FAE04EC0-301F-11D3-BF4B-00C04F79EFBC}") = "TCP_Server", "TCP_Server\TCP_Server.csproj", "{A54EC966-5EDE-49E2-B435-C8CB99FF4735}"
EndProject
Global
	GlobalSection(SolutionConfigurationPlatforms) = preSolution
		Debug|Any CPU = Debug|Any CPU
		Release|Any CPU = Release|Any CPU
	EndGlobalSection
	GlobalSection(ProjectConfigurationPlatforms) = postSolution
		{83F7D1E8-447D-4556-8DCC-1CE7834E46B3}.Debug|Any CPU.ActiveCfg = Debug|Any CPU
		{83F7D1E8-447D-4556-8DCC-1CE7834E46B3}.Debug|Any CPU.Build.0 = Debug|Any CPU
		{83F7D1E8-447D-4556-8DCC-1CE7834E46B3}.Release|Any CPU.ActiveCfg = Release|Any CPU
		{83F7D1E8-447D-4556-8DCC-1CE7834E46B3}.Release|Any CPU.Build.0 = Release|Any CPU
		{A54EC966-5EDE-49E2-B435-C8CB99FF4735}.Debug|Any CPU.ActiveCfg = Debug|Any CPU
		{A54EC966-5EDE-49E2-B435-C8CB99FF4735}.Debug|Any CPU.Build.0 = Debug|Any CPU
		{A54EC966-5EDE-49E2-B435-C8CB99FF4735}.Release|Any CPU.ActiveCfg = Release|Any CPU
		{A54EC966-5EDE-49E2-B435-C8CB99FF4735}.Release|Any CPU.Build.0 = Release|Any CPU
	EndGlobalSection
	GlobalSection(SolutionProperties) = preSolution
		HideSolutionNode = FALSE
	EndGlobalSection
	GlobalSection(ExtensibilityGlobals) = postSolution
		SolutionGuid = {75E72AED-BA8B-4F6A-99D0-C3BAD58441A5}
	EndGlobalSection
EndGlobal
